Microsoft Visual Studio Solution File, Format Version 12.00
# Visual Studio Version 16
VisualStudioVersion = 16.0.31410.357
MinimumVisualStudioVersion = 10.0.40219.1
Project("{9A19103F-16F7-4668-BE54-9A1E7A4F7556}") = "bitcoin-wallet", "bitcoin-wallet.csproj", "{F944ED67-5EB3-4827-B53E-AAA3EAD362A0}"
EndProject
Project("{FAE04EC0-301F-11D3-BF4B-00C04F79EFBC}") = "WalletGUI", "..\WalletGUI\WalletGUI.csproj", "{DB48EF66-0426-4A66-9E5D-71751A30FFE3}"
EndProject
Global
	GlobalSection(SolutionConfigurationPlatforms) = preSolution
		Debug|Any CPU = Debug|Any CPU
		Release|Any CPU = Release|Any CPU
	EndGlobalSection
	GlobalSection(ProjectConfigurationPlatforms) = postSolution
		{F944ED67-5EB3-4827-B53E-AAA3EAD362A0}.Debug|Any CPU.ActiveCfg = Debug|Any CPU
		{F944ED67-5EB3-4827-B53E-AAA3EAD362A0}.Debug|Any CPU.Build.0 = Debug|Any CPU
		{F944ED67-5EB3-4827-B53E-AAA3EAD362A0}.Release|Any CPU.ActiveCfg = Release|Any CPU
		{F944ED67-5EB3-4827-B53E-AAA3EAD362A0}.Release|Any CPU.Build.0 = Release|Any CPU
		{DB48EF66-0426-4A66-9E5D-71751A30FFE3}.Debug|Any CPU.ActiveCfg = Debug|Any CPU
		{DB48EF66-0426-4A66-9E5D-71751A30FFE3}.Debug|Any CPU.Build.0 = Debug|Any CPU
		{DB48EF66-0426-4A66-9E5D-71751A30FFE3}.Release|Any CPU.ActiveCfg = Release|Any CPU
		{DB48EF66-0426-4A66-9E5D-71751A30FFE3}.Release|Any CPU.Build.0 = Release|Any CPU
	EndGlobalSection
	GlobalSection(SolutionProperties) = preSolution
		HideSolutionNode = FALSE
	EndGlobalSection
	GlobalSection(ExtensibilityGlobals) = postSolution
		SolutionGuid = {B4541326-5328-471C-9E3A-07FD4E9D898B}
	EndGlobalSection
EndGlobal
